
Microsoft Visual Studio Solution File, Format Version 12.00
# Visual Studio Version 16
VisualStudioVersion = 16.0.30517.126
MinimumVisualStudioVersion = 10.0.40219.1
Project("{FAE04EC0-301F-11D3-BF4B-00C04F79EFBC}") = "Ejercicio5Formularios", "Ejercicio5Formularios\Ejercicio5Formularios.csproj", "{CEB7027F-47AA-49D9-A57C-8672A31234D5}"
EndProject
Global
	GlobalSection(SolutionConfigurationPlatforms) = preSolution
		Debug|Any CPU = Debug|Any CPU
		Release|Any CPU = Release|Any CPU
	EndGlobalSection
	GlobalSection(ProjectConfigurationPlatforms) = postSolution
		{CEB7027F-47AA-49D9-A57C-8672A31234D5}.Debug|Any CPU.ActiveCfg = Debug|Any CPU
		{CEB7027F-47AA-49D9-A57C-8672A31234D5}.Debug|Any CPU.Build.0 = Debug|Any CPU
		{CEB7027F-47AA-49D9-A57C-8672A31234D5}.Release|Any CPU.ActiveCfg = Release|Any CPU
		{CEB7027F-47AA-49D9-A57C-8672A31234D5}.Release|Any CPU.Build.0 = Release|Any CPU
	EndGlobalSection
	GlobalSection(SolutionProperties) = preSolution
		HideSolutionNode = FALSE
	EndGlobalSection
	GlobalSection(ExtensibilityGlobals) = postSolution
		SolutionGuid = {4AC8268C-746B-428B-87CA-2BEB1323E533}
	EndGlobalSection
EndGlobal
